
Microsoft Visual Studio Solution File, Format Version 12.00
# Visual Studio 15
VisualStudioVersion = 15.0.27703.2035
MinimumVisualStudioVersion = 10.0.40219.1
Project("{FAE04EC0-301F-11D3-BF4B-00C04F79EFBC}") = "Orleans.ConsoleApp", "Orleans.ConsoleApp\Orleans.ConsoleApp.csproj", "{DEA747CA-7792-4C5E-8E66-F0739A100308}"
EndProject
Global
	GlobalSection(SolutionConfigurationPlatforms) = preSolution
		Debug|Any CPU = Debug|Any CPU
		Release|Any CPU = Release|Any CPU
	EndGlobalSection
	GlobalSection(ProjectConfigurationPlatforms) = postSolution
		{DEA747CA-7792-4C5E-8E66-F0739A100308}.Debug|Any CPU.ActiveCfg = Debug|Any CPU
		{DEA747CA-7792-4C5E-8E66-F0739A100308}.Debug|Any CPU.Build.0 = Debug|Any CPU
		{DEA747CA-7792-4C5E-8E66-F0739A100308}.Release|Any CPU.ActiveCfg = Release|Any CPU
		{DEA747CA-7792-4C5E-8E66-F0739A100308}.Release|Any CPU.Build.0 = Release|Any CPU
	EndGlobalSection
	GlobalSection(SolutionProperties) = preSolution
		HideSolutionNode = FALSE
	EndGlobalSection
	GlobalSection(ExtensibilityGlobals) = postSolution
		SolutionGuid = {50082E9A-BE02-4CAD-A5CE-A42425B0B0E5}
	EndGlobalSection
EndGlobal
